{
    "_readme": [
        "This file locks the dependencies of your project to a known state",
        "Read more about it at http://getcomposer.org/doc/01-basic-usage.md#composer-lock-the-lock-file"
    ],
    "hash": "cedb716af1024912f023d884891c2a75",
    "packages": [
        {
            "name": "chantrea/training",
            "version": "dev-master",
            "source": {
                "type": "git",
                "url": "https://github.com/visay/Chantrea.Training.git",
                "reference": "0e53fee170981389805ae2a0865b969f68c74b93"
            },
            "dist": {
                "type": "zip",
                "url": "https://api.github.com/repos/visay/Chantrea.Training/zipball/0e53fee170981389805ae2a0865b969f68c74b93",
                "reference": "0e53fee170981389805ae2a0865b969f68c74b93",
                "shasum": ""
            },
            "require": {
                "typo3/flow": "*"
            },
            "type": "typo3-flow-package",
            "autoload": {
                "psr-0": {
                    "Chantrea\\Training": "Classes"
                }
            },
            "notification-url": "https://packagist.org/downloads/",
            "license": [
                "LGPL-3.0+"
            ],
            "authors": [
                {
                    "name": "Visay Keo",
                    "email": "keo@visay.info",
                    "role": "Product Owner"
                },
                {
                    "name": "Rayuth You",
                    "email": "rayuth.you@gmail.com",
                    "role": "Lead Developer"
                },
                {
                    "name": "Chanthorn Ngeth",
                    "email": "chanthorn.ngeth@gmail.com",
                    "role": "Developer"
                }
            ],
            "description": "TYPO3 Flow application to suggest topic, vote and plan a training.",
            "homepage": "http://www.visay.info",
            "time": "2013-10-03 23:10:58"
        },
        {
            "name": "composer/installers",
            "version": "v1.0.6",
            "source": {
                "type": "git",
                "url": "https://github.com/composer/installers.git",
                "reference": "b3bd071ea114a57212c75aa6a2eef5cfe0cc798f"
            },
            "dist": {
                "type": "zip",
                "url": "https://api.github.com/repos/composer/installers/zipball/b3bd071ea114a57212c75aa6a2eef5cfe0cc798f",
                "reference": "b3bd071ea114a57212c75aa6a2eef5cfe0cc798f",
                "shasum": ""
            },
            "replace": {
                "shama/baton": "*"
            },
            "require-dev": {
                "composer/composer": "1.0.*@dev",
                "phpunit/phpunit": "3.7.*"
            },
            "type": "composer-installer",
            "extra": {
                "class": "Composer\\Installers\\Installer",
                "branch-alias": {
                    "dev-master": "1.0-dev"
                }
            },
            "autoload": {
                "psr-0": {
                    "Composer\\Installers\\": "src/"
                }
            },
            "notification-url": "https://packagist.org/downloads/",
            "license": [
                "MIT"
            ],
            "authors": [
                {
                    "name": "Kyle Robinson Young",
                    "email": "kyle@dontkry.com",
                    "homepage": "https://github.com/shama",
                    "role": "Developer"
                }
            ],
            "description": "A multi-framework Composer library installer",
            "homepage": "http://composer.github.com/installers/",
            "keywords": [
                "TYPO3 CMS",
                "TYPO3 Flow",
                "TYPO3 Neos",
                "agl",
                "cakephp",
                "codeigniter",
                "drupal",
                "fuelphp",
                "installer",
                "joomla",
                "kohana",
                "laravel",
                "li3",
                "lithium",
                "mako",
                "modulework",
                "phpbb",
                "ppi",
                "silverstripe",
                "symfony",
                "wordpress",
                "zend"
            ],
            "time": "2013-08-20 04:37:09"
        },
        {
            "name": "doctrine/annotations",
            "version": "v1.1.2",
            "source": {
                "type": "git",
                "url": "https://github.com/doctrine/annotations.git",
                "reference": "40db0c96985aab2822edbc4848b3bd2429e02670"
            },
            "dist": {
                "type": "zip",
                "url": "https://api.github.com/repos/doctrine/annotations/zipball/40db0c96985aab2822edbc4848b3bd2429e02670",
                "reference": "40db0c96985aab2822edbc4848b3bd2429e02670",
                "shasum": ""
            },
            "require": {
                "doctrine/lexer": "1.*",
                "php": ">=5.3.2"
            },
            "require-dev": {
                "doctrine/cache": "1.*"
            },
            "type": "library",
            "extra": {
                "branch-alias": {
                    "dev-master": "1.0.x-dev"
                }
            },
            "autoload": {
                "psr-0": {
                    "Doctrine\\Common\\Annotations\\": "lib/"
                }
            },
            "notification-url": "https://packagist.org/downloads/",
            "license": [
                "MIT"
            ],
            "authors": [
                {
                    "name": "Jonathan Wage",
                    "email": "jonwage@gmail.com",
                    "homepage": "http://www.jwage.com/"
                },
                {
                    "name": "Guilherme Blanco",
                    "email": "guilhermeblanco@gmail.com",
                    "homepage": "http://www.instaclick.com"
                },
                {
                    "name": "Roman Borschel",
                    "email": "roman@code-factory.org"
                },
                {
                    "name": "Benjamin Eberlei",
                    "email": "kontakt@beberlei.de"
                },
                {
                    "name": "Johannes Schmitt",
                    "email": "schmittjoh@gmail.com",
                    "homepage": "http://jmsyst.com",
                    "role": "Developer of wrapped JMSSerializerBundle"
                }
            ],
            "description": "Docblock Annotations Parser",
            "homepage": "http://www.doctrine-project.org",
            "keywords": [
                "annotations",
                "docblock",
                "parser"
            ],
            "time": "2013-06-16 21:33:03"
        },
        {
            "name": "doctrine/cache",
            "version": "v1.2.0",
            "source": {
                "type": "git",
                "url": "https://github.com/doctrine/cache.git",
                "reference": "d0e4447707a064a5814b18cb0dcc2f24185f6179"
            },
            "dist": {
                "type": "zip",
                "url": "https://api.github.com/repos/doctrine/cache/zipball/d0e4447707a064a5814b18cb0dcc2f24185f6179",
                "reference": "d0e4447707a064a5814b18cb0dcc2f24185f6179",
                "shasum": ""
            },
            "require": {
                "php": ">=5.3.2"
            },
            "conflict": {
                "doctrine/common": ">2.2,<2.4"
            },
            "type": "library",
            "extra": {
                "branch-alias": {
                    "dev-master": "1.0.x-dev"
                }
            },
            "autoload": {
                "psr-0": {
                    "Doctrine\\Common\\Cache\\": "lib/"
                }
            },
            "notification-url": "https://packagist.org/downloads/",
            "license": [
                "MIT"
            ],
            "authors": [
                {
                    "name": "Jonathan Wage",
                    "email": "jonwage@gmail.com",
                    "homepage": "http://www.jwage.com/"
                },
                {
                    "name": "Guilherme Blanco",
                    "email": "guilhermeblanco@gmail.com",
                    "homepage": "http://www.instaclick.com"
                },
                {
                    "name": "Roman Borschel",
                    "email": "roman@code-factory.org"
                },
                {
                    "name": "Benjamin Eberlei",
                    "email": "kontakt@beberlei.de"
                },
                {
                    "name": "Johannes Schmitt",
                    "email": "schmittjoh@gmail.com",
                    "homepage": "http://jmsyst.com",
                    "role": "Developer of wrapped JMSSerializerBundle"
                }
            ],
            "description": "Caching library offering an object-oriented API for many cache backends",
            "homepage": "http://www.doctrine-project.org",
            "keywords": [
                "cache",
                "caching"
            ],
            "time": "2013-09-26 19:23:25"
        },
        {
            "name": "doctrine/collections",
            "version": "v1.1",
            "source": {
                "type": "git",
                "url": "https://github.com/doctrine/collections.git",
                "reference": "560f29c39cfcfbcd210e5d549d993a39d898b04b"
            },
            "dist": {
                "type": "zip",
                "url": "https://api.github.com/repos/doctrine/collections/zipball/560f29c39cfcfbcd210e5d549d993a39d898b04b",
                "reference": "560f29c39cfcfbcd210e5d549d993a39d898b04b",
                "shasum": ""
            },
            "require": {
                "php": ">=5.3.2"
            },
            "type": "library",
            "extra": {
                "branch-alias": {
                    "dev-master": "1.1.x-dev"
                }
            },
            "autoload": {
                "psr-0": {
                    "Doctrine\\Common\\Collections\\": "lib/"
                }
            },
            "notification-url": "https://packagist.org/downloads/",
            "license": [
                "MIT"
            ],
            "authors": [
                {
                    "name": "Jonathan Wage",
                    "email": "jonwage@gmail.com",
                    "homepage": "http://www.jwage.com/"
                },
                {
                    "name": "Guilherme Blanco",
                    "email": "guilhermeblanco@gmail.com",
                    "homepage": "http://www.instaclick.com"
                },
                {
                    "name": "Roman Borschel",
                    "email": "roman@code-factory.org"
                },
                {
                    "name": "Benjamin Eberlei",
                    "email": "kontakt@beberlei.de"
                },
                {
                    "name": "Johannes Schmitt",
                    "email": "schmittjoh@gmail.com",
                    "homepage": "http://jmsyst.com",
                    "role": "Developer of wrapped JMSSerializerBundle"
                }
            ],
            "description": "Collections Abstraction library",
            "homepage": "http://www.doctrine-project.org",
            "keywords": [
                "array",
                "collections",
                "iterator"
            ],
            "time": "2013-03-07 12:15:54"
        },
        {
            "name": "doctrine/common",
            "version": "v2.4.1",
            "source": {
                "type": "git",
                "url": "https://github.com/doctrine/common.git",
                "reference": "ceb18cf9b0230f3ea208b6238130fd415abda0a7"
            },
            "dist": {
                "type": "zip",
                "url": "https://api.github.com/repos/doctrine/common/zipball/ceb18cf9b0230f3ea208b6238130fd415abda0a7",
                "reference": "ceb18cf9b0230f3ea208b6238130fd415abda0a7",
                "shasum": ""
            },
            "require": {
                "doctrine/annotations": "1.*",
                "doctrine/cache": "1.*",
                "doctrine/collections": "1.*",
                "doctrine/inflector": "1.*",
                "doctrine/lexer": "1.*",
                "php": ">=5.3.2"
            },
            "type": "library",
            "extra": {
                "branch-alias": {
                    "dev-master": "2.4.x-dev"
                }
            },
            "autoload": {
                "psr-0": {
                    "Doctrine\\Common\\": "lib/"
                }
            },
            "notification-url": "https://packagist.org/downloads/",
            "license": [
                "MIT"
            ],
            "authors": [
                {
                    "name": "Jonathan Wage",
                    "email": "jonwage@gmail.com",
                    "homepage": "http://www.jwage.com/"
                },
                {
                    "name": "Guilherme Blanco",
                    "email": "guilhermeblanco@gmail.com",
                    "homepage": "http://www.instaclick.com"
                },
                {
                    "name": "Roman Borschel",
                    "email": "roman@code-factory.org"
                },
                {
                    "name": "Benjamin Eberlei",
                    "email": "kontakt@beberlei.de"
                },
                {
                    "name": "Johannes Schmitt",
                    "email": "schmittjoh@gmail.com",
                    "homepage": "http://jmsyst.com",
                    "role": "Developer of wrapped JMSSerializerBundle"
                }
            ],
            "description": "Common Library for Doctrine projects",
            "homepage": "http://www.doctrine-project.org",
            "keywords": [
                "annotations",
                "collections",
                "eventmanager",
                "persistence",
                "spl"
            ],
            "time": "2013-09-07 10:20:34"
        },
        {
            "name": "doctrine/dbal",
            "version": "2.3.4",
            "source": {
                "type": "git",
                "url": "https://github.com/doctrine/dbal.git",
                "reference": "2a37b007dda8e21bdbb8fa445be8fa0064199e13"
            },
            "dist": {
                "type": "zip",
                "url": "https://api.github.com/repos/doctrine/dbal/zipball/2a37b007dda8e21bdbb8fa445be8fa0064199e13",
                "reference": "2a37b007dda8e21bdbb8fa445be8fa0064199e13",
                "shasum": ""
            },
            "require": {
                "doctrine/common": ">=2.3.0,<2.5-dev",
                "php": ">=5.3.2"
            },
            "type": "library",
            "extra": {
                "branch-alias": {
                    "dev-master": "2.3.x-dev"
                }
            },
            "autoload": {
                "psr-0": {
                    "Doctrine\\DBAL": "lib/"
                }
            },
            "notification-url": "https://packagist.org/downloads/",
            "license": [
                "MIT"
            ],
            "authors": [
                {
                    "name": "Jonathan Wage",
                    "email": "jonwage@gmail.com",
                    "homepage": "http://www.jwage.com/"
                },
                {
                    "name": "Guilherme Blanco",
                    "email": "guilhermeblanco@gmail.com",
                    "homepage": "http://www.instaclick.com"
                },
                {
                    "name": "Roman Borschel",
                    "email": "roman@code-factory.org"
                },
                {
                    "name": "Benjamin Eberlei",
                    "email": "kontakt@beberlei.de"
                }
            ],
            "description": "Database Abstraction Layer",
            "homepage": "http://www.doctrine-project.org",
            "keywords": [
                "database",
                "dbal",
                "persistence",
                "queryobject"
            ],
            "time": "2013-05-11 07:45:37"
        },
        {
            "name": "doctrine/inflector",
            "version": "v1.0",
            "source": {
                "type": "git",
                "url": "https://github.com/doctrine/inflector.git",
                "reference": "54b8333d2a5682afdc690060c1cf384ba9f47f08"
            },
            "dist": {
                "type": "zip",
                "url": "https://api.github.com/repos/doctrine/inflector/zipball/54b8333d2a5682afdc690060c1cf384ba9f47f08",
                "reference": "54b8333d2a5682afdc690060c1cf384ba9f47f08",
                "shasum": ""
            },
            "require": {
                "php": ">=5.3.2"
            },
            "type": "library",
            "autoload": {
                "psr-0": {
                    "Doctrine\\Common\\Inflector\\": "lib/"
                }
            },
            "notification-url": "https://packagist.org/downloads/",
            "license": [
                "MIT"
            ],
            "authors": [
                {
                    "name": "Jonathan Wage",
                    "email": "jonwage@gmail.com",
                    "homepage": "http://www.jwage.com/"
                },
                {
                    "name": "Guilherme Blanco",
                    "email": "guilhermeblanco@gmail.com",
                    "homepage": "http://www.instaclick.com"
                },
                {
                    "name": "Roman Borschel",
                    "email": "roman@code-factory.org"
                },
                {
                    "name": "Benjamin Eberlei",
                    "email": "kontakt@beberlei.de"
                },
                {
                    "name": "Johannes M. Schmitt",
                    "email": "schmittjoh@gmail.com",
                    "homepage": "http://jmsyst.com",
                    "role": "Developer of wrapped JMSSerializerBundle"
                }
            ],
            "description": "Common String Manipulations with regard to casing and singular/plural rules.",
            "homepage": "http://www.doctrine-project.org",
            "keywords": [
                "inflection",
                "pluarlize",
                "singuarlize",
                "string"
            ],
            "time": "2013-01-10 21:49:15"
        },
        {
            "name": "doctrine/lexer",
            "version": "v1.0",
            "source": {
                "type": "git",
                "url": "https://github.com/doctrine/lexer.git",
                "reference": "2f708a85bb3aab5d99dab8be435abd73e0b18acb"
            },
            "dist": {
                "type": "zip",
                "url": "https://api.github.com/repos/doctrine/lexer/zipball/2f708a85bb3aab5d99dab8be435abd73e0b18acb",
                "reference": "2f708a85bb3aab5d99dab8be435abd73e0b18acb",
                "shasum": ""
            },
            "require": {
                "php": ">=5.3.2"
            },
            "type": "library",
            "autoload": {
                "psr-0": {
                    "Doctrine\\Common\\Lexer\\": "lib/"
                }
            },
            "notification-url": "https://packagist.org/downloads/",
            "license": [
                "MIT"
            ],
            "authors": [
                {
                    "name": "Guilherme Blanco",
                    "email": "guilhermeblanco@gmail.com",
                    "homepage": "http://www.instaclick.com"
                },
                {
                    "name": "Roman Borschel",
                    "email": "roman@code-factory.org"
                },
                {
                    "name": "Johannes Schmitt",
                    "email": "schmittjoh@gmail.com",
                    "homepage": "http://jmsyst.com",
                    "role": "Developer of wrapped JMSSerializerBundle"
                }
            ],
            "description": "Base library for a lexer that can be used in Top-Down, Recursive Descent Parsers.",
            "homepage": "http://www.doctrine-project.org",
            "keywords": [
                "lexer",
                "parser"
            ],
            "time": "2013-01-12 18:59:04"
        },
        {
            "name": "doctrine/migrations",
            "version": "dev-master",
            "source": {
                "type": "git",
                "url": "https://github.com/doctrine/migrations.git",
                "reference": "e96022469595b4def59756f7b6b9ceb78c9f0e66"
            },
            "dist": {
                "type": "zip",
                "url": "https://api.github.com/repos/doctrine/migrations/zipball/e96022469595b4def59756f7b6b9ceb78c9f0e66",
                "reference": "e96022469595b4def59756f7b6b9ceb78c9f0e66",
                "shasum": ""
            },
            "require": {
                "doctrine/dbal": ">=2.0,<2.5.x-dev",
                "php": ">=5.3.2"
            },
            "require-dev": {
                "symfony/console": "2.*",
                "symfony/yaml": "2.*"
            },
            "suggest": {
                "symfony/console": "to run the migration from the console"
            },
            "type": "library",
            "autoload": {
                "psr-0": {
                    "Doctrine\\DBAL\\Migrations": "lib"
                }
            },
            "notification-url": "https://packagist.org/downloads/",
            "license": [
                "LGPL"
            ],
            "authors": [
                {
                    "name": "Jonathan Wage",
                    "email": "jonwage@gmail.com",
                    "homepage": "http://www.jwage.com/"
                },
                {
                    "name": "Benjamin Eberlei",
                    "email": "kontakt@beberlei.de"
                }
            ],
            "description": "Database Schema migrations using Doctrine DBAL",
            "homepage": "http://www.doctrine-project.org",
            "keywords": [
                "database",
                "migrations"
            ],
            "time": "2013-10-03 12:44:16"
        },
        {
            "name": "doctrine/orm",
            "version": "2.3.4",
            "source": {
                "type": "git",
                "url": "https://github.com/doctrine/doctrine2.git",
                "reference": "a41b02c080114c0de3da4ee9fba61f7d18fae7d0"
            },
            "dist": {
                "type": "zip",
                "url": "https://api.github.com/repos/doctrine/doctrine2/zipball/a41b02c080114c0de3da4ee9fba61f7d18fae7d0",
                "reference": "a41b02c080114c0de3da4ee9fba61f7d18fae7d0",
                "shasum": ""
            },
            "require": {
                "doctrine/dbal": "2.3.*",
                "ext-pdo": "*",
                "php": ">=5.3.2",
                "symfony/console": "2.*"
            },
            "suggest": {
                "symfony/yaml": "If you want to use YAML Metadata Mapping Driver"
            },
            "bin": [
                "bin/doctrine",
                "bin/doctrine.php"
            ],
            "type": "library",
            "extra": {
                "branch-alias": {
                    "dev-master": "2.3.x-dev"
                }
            },
            "autoload": {
                "psr-0": {
                    "Doctrine\\ORM": "lib/"
                }
            },
            "notification-url": "https://packagist.org/downloads/",
            "license": [
                "MIT"
            ],
            "authors": [
                {
                    "name": "Jonathan Wage",
                    "email": "jonwage@gmail.com",
                    "homepage": "http://www.jwage.com/"
                },
                {
                    "name": "Guilherme Blanco",
                    "email": "guilhermeblanco@gmail.com",
                    "homepage": "http://www.instaclick.com"
                },
                {
                    "name": "Roman Borschel",
                    "email": "roman@code-factory.org"
                },
                {
                    "name": "Benjamin Eberlei",
                    "email": "kontakt@beberlei.de"
                }
            ],
            "description": "Object-Relational-Mapper for PHP",
            "homepage": "http://www.doctrine-project.org",
            "keywords": [
                "database",
                "orm"
            ],
            "time": "2013-05-11 07:51:12"
        },
        {
            "name": "symfony/console",
            "version": "v2.3.5",
            "target-dir": "Symfony/Component/Console",
            "source": {
                "type": "git",
                "url": "https://github.com/symfony/Console.git",
                "reference": "f880062d56edefb25b36f2defa65aafe65959dc7"
            },
            "dist": {
                "type": "zip",
                "url": "https://api.github.com/repos/symfony/Console/zipball/f880062d56edefb25b36f2defa65aafe65959dc7",
                "reference": "f880062d56edefb25b36f2defa65aafe65959dc7",
                "shasum": ""
            },
            "require": {
                "php": ">=5.3.3"
            },
            "require-dev": {
                "symfony/event-dispatcher": "~2.1"
            },
            "suggest": {
                "symfony/event-dispatcher": ""
            },
            "type": "library",
            "extra": {
                "branch-alias": {
                    "dev-master": "2.3-dev"
                }
            },
            "autoload": {
                "psr-0": {
                    "Symfony\\Component\\Console\\": ""
                }
            },
            "notification-url": "https://packagist.org/downloads/",
            "license": [
                "MIT"
            ],
            "authors": [
                {
                    "name": "Fabien Potencier",
                    "email": "fabien@symfony.com"
                },
                {
                    "name": "Symfony Community",
                    "homepage": "http://symfony.com/contributors"
                }
            ],
            "description": "Symfony Console Component",
            "homepage": "http://symfony.com",
            "time": "2013-09-25 06:04:15"
        },
        {
            "name": "symfony/dom-crawler",
            "version": "v2.2.8",
            "target-dir": "Symfony/Component/DomCrawler",
            "source": {
                "type": "git",
                "url": "https://github.com/symfony/DomCrawler.git",
                "reference": "96f786c5268a56a392289de4c2e668791c2aee3a"
            },
            "dist": {
                "type": "zip",
                "url": "https://api.github.com/repos/symfony/DomCrawler/zipball/96f786c5268a56a392289de4c2e668791c2aee3a",
                "reference": "96f786c5268a56a392289de4c2e668791c2aee3a",
                "shasum": ""
            },
            "require": {
                "php": ">=5.3.3"
            },
            "require-dev": {
                "symfony/css-selector": "~2.0"
            },
            "suggest": {
                "symfony/css-selector": "2.2.*"
            },
            "type": "library",
            "extra": {
                "branch-alias": {
                    "dev-master": "2.2-dev"
                }
            },
            "autoload": {
                "psr-0": {
                    "Symfony\\Component\\DomCrawler\\": ""
                }
            },
            "notification-url": "https://packagist.org/downloads/",
            "license": [
                "MIT"
            ],
            "authors": [
                {
                    "name": "Fabien Potencier",
                    "email": "fabien@symfony.com"
                },
                {
                    "name": "Symfony Community",
                    "homepage": "http://symfony.com/contributors"
                }
            ],
            "description": "Symfony DomCrawler Component",
            "homepage": "http://symfony.com",
            "time": "2013-09-19 16:37:12"
        },
        {
            "name": "symfony/yaml",
            "version": "v2.1.12",
            "target-dir": "Symfony/Component/Yaml",
            "source": {
                "type": "git",
                "url": "https://github.com/symfony/Yaml.git",
                "reference": "347a7a02204433c6926ecc3f13e805bdc30e8f9f"
            },
            "dist": {
                "type": "zip",
                "url": "https://api.github.com/repos/symfony/Yaml/zipball/347a7a02204433c6926ecc3f13e805bdc30e8f9f",
                "reference": "347a7a02204433c6926ecc3f13e805bdc30e8f9f",
                "shasum": ""
            },
            "require": {
                "php": ">=5.3.3"
            },
            "type": "library",
            "autoload": {
                "psr-0": {
                    "Symfony\\Component\\Yaml": ""
                }
            },
            "notification-url": "https://packagist.org/downloads/",
            "license": [
                "MIT"
            ],
            "authors": [
                {
                    "name": "Fabien Potencier",
                    "email": "fabien@symfony.com"
                },
                {
                    "name": "Symfony Community",
                    "homepage": "http://symfony.com/contributors"
                }
            ],
            "description": "Symfony Yaml Component",
            "homepage": "http://symfony.com",
            "time": "2013-05-10 00:09:46"
        },
        {
            "name": "typo3/eel",
            "version": "dev-master",
            "source": {
                "type": "git",
                "url": "git://git.typo3.org/Packages/TYPO3.Eel.git",
                "reference": "a8d6f551f83d6f21f86fcfd01bdd349e21eb0682"
            },
            "require": {
                "typo3/flow": "*"
            },
            "type": "typo3-flow-framework",
            "autoload": {
                "psr-0": {
                    "TYPO3\\Eel": "Classes"
                }
            },
            "notification-url": "https://packagist.org/downloads/",
            "license": [
                "LGPL-3.0+"
            ],
            "description": "The Embedded Expression Language (Eel) is a building block for creating Domain Specific Languages",
            "time": "2013-10-02 21:42:45"
        },
        {
            "name": "typo3/flow",
            "version": "dev-master",
            "source": {
                "type": "git",
                "url": "git://git.typo3.org/Packages/TYPO3.Flow.git",
                "reference": "5686807c986fc75d0be6192b4840a576030a853f"
            },
            "require": {
                "composer/installers": "~1.0.2",
                "doctrine/migrations": "dev-master",
                "doctrine/orm": "2.3.*",
                "ext-json": ">=1.2.0",
                "ext-session": "*",
                "ext-spl": "*",
                "ext-zlib": "*",
                "php": ">=5.3.2",
                "symfony/dom-crawler": "2.2.*",
                "symfony/yaml": "2.1.*",
                "typo3/eel": "*",
                "typo3/fluid": "*",
                "typo3/party": "*"
            },
            "suggest": {
                "doctrine/data-fixtures": "To manage and execute the loading of data fixtures for the Doctrine ORM or ODM"
            },
            "type": "typo3-flow-framework",
            "autoload": {
                "psr-0": {
                    "TYPO3\\Flow": "Classes"
                }
            },
            "notification-url": "https://packagist.org/downloads/",
            "license": [
                "LGPL-3.0+"
            ],
            "description": "TYPO3 Flow Application Framework",
            "homepage": "http://flow.typo3.org",
            "time": "2013-10-03 17:16:02"
        },
        {
            "name": "typo3/fluid",
            "version": "dev-master",
            "source": {
                "type": "git",
                "url": "git://git.typo3.org/Packages/TYPO3.Fluid.git",
                "reference": "75fc37a19015208e92ae12a9daed5c090f4f246b"
            },
            "require": {
                "typo3/flow": "*"
            },
            "type": "typo3-flow-framework",
            "autoload": {
                "psr-0": {
                    "TYPO3\\Fluid": "Classes"
                }
            },
            "notification-url": "https://packagist.org/downloads/",
            "license": [
                "LGPL-3.0+"
            ],
            "description": "Next-Generation Templating Framework for TYPO3 Flow and TYPO3 Neos, also backported to TYPO3 CMS",
            "time": "2013-10-03 17:15:17"
        },
        {
            "name": "typo3/ldap",
            "version": "dev-master",
            "source": {
                "type": "git",
                "url": "git://git.typo3.org/Packages/TYPO3.LDAP.git",
                "reference": "f74f5051dc337d13938c210b05ae87f187c6286c"
            },
            "require": {
                "typo3/flow": "*"
            },
            "type": "typo3-flow-package",
            "autoload": {
                "psr-0": {
                    "TYPO3\\LDAP": "Classes"
                }
            },
            "notification-url": "https://packagist.org/downloads/",
            "description": "LDAP Authentication for Flow",
            "time": "2013-09-27 08:10:40"
        },
        {
            "name": "typo3/party",
            "version": "dev-master",
            "source": {
                "type": "git",
                "url": "git://git.typo3.org/Packages/TYPO3.Party.git",
                "reference": "c733d12eccd865a9f7e9ee9975ebf7e2e26163e9"
            },
            "require": {
                "typo3/flow": "*"
            },
            "type": "typo3-flow-framework",
            "autoload": {
                "psr-0": {
                    "TYPO3\\Party": "Classes"
                }
            },
            "notification-url": "https://packagist.org/downloads/",
            "license": [
                "LGPL-3.0+"
            ],
            "description": "A PHP implementation of the OASIS Customer Information Quality (CIQ) XML Standard.",
            "time": "2013-10-01 14:54:01"
        },
        {
            "name": "typo3/swiftmailer",
            "version": "dev-master",
            "source": {
                "type": "git",
                "url": "git://git.typo3.org/Packages/TYPO3.SwiftMailer.git",
                "reference": "6537ea19ea4b7a17fa727fd96d83f6ce4993337d"
            },
            "require": {
                "typo3/flow": "*"
            },
            "provide": {
                "swiftmailer/swiftmailer": "4.1.5"
            },
            "type": "typo3-flow-package",
            "autoload": {
                "psr-0": {
                    "TYPO3\\SwiftMailer": "Classes"
                }
            },
            "notification-url": "https://packagist.org/downloads/",
            "license": [
                "LGPL-3.0"
            ],
            "description": "A TYPO3 Flow package of SwiftMailer",
            "time": "2013-05-03 10:11:04"
        },
        {
            "name": "typo3/twitter-bootstrap",
            "version": "dev-master",
            "source": {
                "type": "git",
                "url": "git://git.typo3.org/Packages/TYPO3.Twitter.Bootstrap.git",
                "reference": "a92e52bb89d3331cf73f0295b4869c3bb5ccca72"
            },
            "require": {
                "typo3/flow": "*"
            },
            "type": "typo3-flow-package",
            "autoload": {
                "psr-0": {
                    "TYPO3\\Twitter\\Bootstrap": "Classes"
                }
            },
            "notification-url": "https://packagist.org/downloads/",
            "license": [
                "Apache-2.0"
            ],
            "description": "Simple and flexible HTML, CSS, and Javascript for popular user interface components and interactions. Packaged for use with TYPO3 Flow",
            "time": "2013-09-17 09:03:42"
        }
    ],
    "packages-dev": [
        {
            "name": "mikey179/vfsStream",
            "version": "v1.1.0",
            "source": {
                "type": "git",
                "url": "https://github.com/mikey179/vfsStream.git",
                "reference": "fc0fe8f4d0b527254a2dc45f0c265567c881d07e"
            },
            "dist": {
                "type": "zip",
                "url": "https://api.github.com/repos/mikey179/vfsStream/zipball/fc0fe8f4d0b527254a2dc45f0c265567c881d07e",
                "reference": "fc0fe8f4d0b527254a2dc45f0c265567c881d07e",
                "shasum": ""
            },
            "require": {
                "php": ">=5.3.0"
            },
            "type": "library",
            "autoload": {
                "psr-0": {
                    "org\\bovigo\\vfs": "src/main/php"
                }
            },
            "notification-url": "https://packagist.org/downloads/",
            "license": [
                "BSD"
            ],
            "homepage": "http://vfs.bovigo.org/",
            "time": "2012-08-25 12:49:29"
        },
        {
            "name": "typo3/buildessentials",
            "version": "dev-master",
            "source": {
                "type": "git",
                "url": "git://git.typo3.org/Flow/BuildEssentials.git",
                "reference": "26f8374f73a2b8172592e9ed5915feddc8574276"
            },
            "require": {
                "composer/installers": "~1.0.2"
            },
            "type": "typo3-flow-build",
            "extra": {
                "installer-name": "BuildEssentials"
            },
            "notification-url": "https://packagist.org/downloads/",
            "license": [
                "LGPL-3.0+"
            ],
            "description": "TYPO3 Flow Build Toolchain Essentials",
            "time": "2013-08-22 13:46:57"
        },
        {
            "name": "typo3/kickstart",
            "version": "dev-master",
            "source": {
                "type": "git",
                "url": "git://git.typo3.org/Packages/TYPO3.Kickstart.git",
                "reference": "df5e4c657a783872eb395e28db9a5acd853a8ead"
            },
            "require": {
                "typo3/flow": "*"
            },
            "type": "typo3-flow-framework",
            "autoload": {
                "psr-0": {
                    "TYPO3\\Kickstart": "Classes"
                }
            },
            "notification-url": "https://packagist.org/downloads/",
            "license": [
                "LGPL-3.0+"
            ],
            "description": "A simple generator for controller and views.",
            "time": "2013-08-09 18:07:39"
        }
    ],
    "aliases": [

    ],
    "minimum-stability": "stable",
    "stability-flags": {
        "typo3/flow": 20,
        "typo3/fluid": 20,
        "typo3/party": 20,
        "typo3/eel": 20,
        "doctrine/migrations": 20,
        "typo3/twitter-bootstrap": 20,
        "typo3/swiftmailer": 20,
        "typo3/ldap": 20,
        "chantrea/training": 20,
        "typo3/kickstart": 20,
        "typo3/buildessentials": 20
    },
    "platform": [

    ],
    "platform-dev": [

    ]
}
